
Microsoft Visual Studio Solution File, Format Version 12.00
# Visual Studio Version 16
VisualStudioVersion = 16.0.30621.155
MinimumVisualStudioVersion = 10.0.40219.1
Project("{8BC9CEB8-8B4A-11D0-8D11-00A0C91BC942}") = "Pflichtaufagbe01", "Pflichtaufagbe01\Pflichtaufagbe01.vcxproj", "{FED82F44-0474-4DA2-95EA-39323630E953}"
EndProject
Global
	GlobalSection(SolutionConfigurationPlatforms) = preSolution
		Debug|x64 = Debug|x64
		Debug|x86 = Debug|x86
		Release|x64 = Release|x64
		Release|x86 = Release|x86
	EndGlobalSection
	GlobalSection(ProjectConfigurationPlatforms) = postSolution
		{FED82F44-0474-4DA2-95EA-39323630E953}.Debug|x64.ActiveCfg = Debug|x64
		{FED82F44-0474-4DA2-95EA-39323630E953}.Debug|x64.Build.0 = Debug|x64
		{FED82F44-0474-4DA2-95EA-39323630E953}.Debug|x86.ActiveCfg = Debug|Win32
		{FED82F44-0474-4DA2-95EA-39323630E953}.Debug|x86.Build.0 = Debug|Win32
		{FED82F44-0474-4DA2-95EA-39323630E953}.Release|x64.ActiveCfg = Release|x64
		{FED82F44-0474-4DA2-95EA-39323630E953}.Release|x64.Build.0 = Release|x64
		{FED82F44-0474-4DA2-95EA-39323630E953}.Release|x86.ActiveCfg = Release|Win32
		{FED82F44-0474-4DA2-95EA-39323630E953}.Release|x86.Build.0 = Release|Win32
	EndGlobalSection
	GlobalSection(SolutionProperties) = preSolution
		HideSolutionNode = FALSE
	EndGlobalSection
	GlobalSection(ExtensibilityGlobals) = postSolution
		SolutionGuid = {90AAF811-6803-4D52-8469-5B0B38F641CA}
	EndGlobalSection
EndGlobal
